
Microsoft Visual Studio Solution File, Format Version 12.00
# Visual Studio 2012
Project("{FAE04EC0-301F-11D3-BF4B-00C04F79EFBC}") = "Kifu", "Kifu\Kifu.csproj", "{38D8FB8D-0773-4FCD-B243-2053C09BAF13}"
EndProject
Project("{FAE04EC0-301F-11D3-BF4B-00C04F79EFBC}") = "GoLib", "GoLib\GoLib.csproj", "{64640F62-94C9-4FF7-96EB-DF74294AC606}"
EndProject
Global
	GlobalSection(SolutionConfigurationPlatforms) = preSolution
		Debug|Any CPU = Debug|Any CPU
		Debug|ARM = Debug|ARM
		Debug|x64 = Debug|x64
		Debug|x86 = Debug|x86
		Release|Any CPU = Release|Any CPU
		Release|ARM = Release|ARM
		Release|x64 = Release|x64
		Release|x86 = Release|x86
	EndGlobalSection
	GlobalSection(ProjectConfigurationPlatforms) = postSolution
		{38D8FB8D-0773-4FCD-B243-2053C09BAF13}.Debug|Any CPU.ActiveCfg = Debug|Any CPU
		{38D8FB8D-0773-4FCD-B243-2053C09BAF13}.Debug|Any CPU.Build.0 = Debug|Any CPU
		{38D8FB8D-0773-4FCD-B243-2053C09BAF13}.Debug|Any CPU.Deploy.0 = Debug|Any CPU
		{38D8FB8D-0773-4FCD-B243-2053C09BAF13}.Debug|ARM.ActiveCfg = Debug|ARM
		{38D8FB8D-0773-4FCD-B243-2053C09BAF13}.Debug|ARM.Build.0 = Debug|ARM
		{38D8FB8D-0773-4FCD-B243-2053C09BAF13}.Debug|ARM.Deploy.0 = Debug|ARM
		{38D8FB8D-0773-4FCD-B243-2053C09BAF13}.Debug|x64.ActiveCfg = Debug|x64
		{38D8FB8D-0773-4FCD-B243-2053C09BAF13}.Debug|x64.Build.0 = Debug|x64
		{38D8FB8D-0773-4FCD-B243-2053C09BAF13}.Debug|x64.Deploy.0 = Debug|x64
		{38D8FB8D-0773-4FCD-B243-2053C09BAF13}.Debug|x86.ActiveCfg = Debug|x86
		{38D8FB8D-0773-4FCD-B243-2053C09BAF13}.Debug|x86.Build.0 = Debug|x86
		{38D8FB8D-0773-4FCD-B243-2053C09BAF13}.Debug|x86.Deploy.0 = Debug|x86
		{38D8FB8D-0773-4FCD-B243-2053C09BAF13}.Release|Any CPU.ActiveCfg = Release|Any CPU
		{38D8FB8D-0773-4FCD-B243-2053C09BAF13}.Release|Any CPU.Build.0 = Release|Any CPU
		{38D8FB8D-0773-4FCD-B243-2053C09BAF13}.Release|Any CPU.Deploy.0 = Release|Any CPU
		{38D8FB8D-0773-4FCD-B243-2053C09BAF13}.Release|ARM.ActiveCfg = Release|ARM
		{38D8FB8D-0773-4FCD-B243-2053C09BAF13}.Release|ARM.Build.0 = Release|ARM
		{38D8FB8D-0773-4FCD-B243-2053C09BAF13}.Release|ARM.Deploy.0 = Release|ARM
		{38D8FB8D-0773-4FCD-B243-2053C09BAF13}.Release|x64.ActiveCfg = Release|x64
		{38D8FB8D-0773-4FCD-B243-2053C09BAF13}.Release|x64.Build.0 = Release|x64
		{38D8FB8D-0773-4FCD-B243-2053C09BAF13}.Release|x64.Deploy.0 = Release|x64
		{38D8FB8D-0773-4FCD-B243-2053C09BAF13}.Release|x86.ActiveCfg = Release|x86
		{38D8FB8D-0773-4FCD-B243-2053C09BAF13}.Release|x86.Build.0 = Release|x86
		{38D8FB8D-0773-4FCD-B243-2053C09BAF13}.Release|x86.Deploy.0 = Release|x86
		{64640F62-94C9-4FF7-96EB-DF74294AC606}.Debug|Any CPU.ActiveCfg = Debug|Any CPU
		{64640F62-94C9-4FF7-96EB-DF74294AC606}.Debug|Any CPU.Build.0 = Debug|Any CPU
		{64640F62-94C9-4FF7-96EB-DF74294AC606}.Debug|ARM.ActiveCfg = Debug|Any CPU
		{64640F62-94C9-4FF7-96EB-DF74294AC606}.Debug|x64.ActiveCfg = Debug|Any CPU
		{64640F62-94C9-4FF7-96EB-DF74294AC606}.Debug|x86.ActiveCfg = Debug|Any CPU
		{64640F62-94C9-4FF7-96EB-DF74294AC606}.Release|Any CPU.ActiveCfg = Release|Any CPU
		{64640F62-94C9-4FF7-96EB-DF74294AC606}.Release|Any CPU.Build.0 = Release|Any CPU
		{64640F62-94C9-4FF7-96EB-DF74294AC606}.Release|ARM.ActiveCfg = Release|Any CPU
		{64640F62-94C9-4FF7-96EB-DF74294AC606}.Release|x64.ActiveCfg = Release|Any CPU
		{64640F62-94C9-4FF7-96EB-DF74294AC606}.Release|x86.ActiveCfg = Release|Any CPU
	EndGlobalSection
	GlobalSection(SolutionProperties) = preSolution
		HideSolutionNode = FALSE
	EndGlobalSection
EndGlobal
